{
    "_meta": {
        "hash": {
            "sha256": "7b7f8d3d3986934839689b54340512550436babf9396bae6503670ee8243d041"
        },
        "pipfile-spec": 6,
        "requires": {
            "python_version": "3.9"
        },
        "sources": [
            {
                "name": "pypi",
                "url": "https://pypi.org/simple",
                "verify_ssl": true
            }
        ]
    },
    "default": {
        "apscheduler": {
            "hashes": [
                "sha256:3bb5229eed6fbbdafc13ce962712ae66e175aa214c69bed35a06bffcf0c5e244",
                "sha256:e8b1ecdb4c7cb2818913f766d5898183c7cb8936680710a4d3a966e02262e526"
            ],
            "version": "==3.6.3"
        },
        "backpack": {
            "hashes": [
                "sha256:0162cf7b34c810ba4ddbbd32a1e5e804ef96fcf2fea5ce2848aa4950770d3893"
            ],
            "version": "==0.1"
        },
        "blinker": {
            "hashes": [
                "sha256:471aee25f3992bd325afa3772f1063dbdbbca947a041b8b89466dc00d606f8b6"
            ],
            "version": "==1.4"
        },
        "certifi": {
            "hashes": [
                "sha256:1a4995114262bffbc2413b159f2a1a480c969de6e6eb13ee966d470af86af59c",
                "sha256:719a74fb9e33b9bd44cc7f3a8d94bc35e4049deebe19ba7d8e108280cfd59830"
            ],
            "version": "==2020.12.5"
        },
        "cleo": {
            "hashes": [
                "sha256:85a63076b72ca376fb06668be1fc7758dc16740b394783d5cc65200c4b32f71b",
                "sha256:9b7f79f1aa470a025c0d28c76aa225ee9e65028d32f80032e871aa3500df61b8"
            ],
            "markers": "python_version >= '2.7' and python_version not in '3.0, 3.1, 3.2, 3.3'",
            "version": "==0.6.8"
        },
        "faker": {
            "hashes": [
                "sha256:0184fa252f86214308bb6bed344f96294f2e3528fbffafc727890cf2a86d6027",
                "sha256:12e950f6f361c3b959ddf5e99d42cc9f5d89d3082688828d978b11c6029294d0"
            ],
            "markers": "python_version >= '2.7' and python_version not in '3.0, 3.1, 3.2, 3.3'",
            "version": "==0.8.18"
        },
        "inflection": {
            "hashes": [
                "sha256:18ea7fb7a7d152853386523def08736aa8c32636b047ade55f7578c4edeb16ca"
            ],
            "version": "==0.3.1"
        },
        "lazy-object-proxy": {
            "hashes": [
                "sha256:1d33d6f789697f401b75ce08e73b1de567b947740f768376631079290118ad39",
                "sha256:2f2de8f8ac0be3e40d17730e0600619d35c78c13a099ea91ef7fb4ad944ce694",
                "sha256:3782931963dc89e0e9a0ae4348b44762e868ea280e4f8c233b537852a8996ab9",
                "sha256:37d9c34b96cca6787fe014aeb651217944a967a5b165e2cacb6b858d2997ab84",
                "sha256:38c3865bd220bd983fcaa9aa11462619e84a71233bafd9c880f7b1cb753ca7fa",
                "sha256:429c4d1862f3fc37cd56304d880f2eae5bd0da83bdef889f3bd66458aac49128",
                "sha256:522b7c94b524389f4a4094c4bf04c2b02228454ddd17c1a9b2801fac1d754871",
                "sha256:57fb5c5504ddd45ed420b5b6461a78f58cbb0c1b0cbd9cd5a43ad30a4a3ee4d0",
                "sha256:5944a9b95e97de1980c65f03b79b356f30a43de48682b8bdd90aa5089f0ec1f4",
                "sha256:6f4e5e68b7af950ed7fdb594b3f19a0014a3ace0fedb86acb896e140ffb24302",
                "sha256:71a1ef23f22fa8437974b2d60fedb947c99a957ad625f83f43fd3de70f77f458",
                "sha256:8a44e9901c0555f95ac401377032f6e6af66d8fc1fbfad77a7a8b1a826e0b93c",
                "sha256:b6577f15d5516d7d209c1a8cde23062c0f10625f19e8dc9fb59268859778d7d7",
                "sha256:c8fe2d6ff0ff583784039d0255ea7da076efd08507f2be6f68583b0da32e3afb",
                "sha256:cadfa2c2cf54d35d13dc8d231253b7985b97d629ab9ca6e7d672c35539d38163",
                "sha256:cd1bdace1a8762534e9a36c073cd54e97d517a17d69a17985961265be6d22847",
                "sha256:ddbdcd10eb999d7ab292677f588b658372aadb9a52790f82484a37127a390108",
                "sha256:e7273c64bccfd9310e9601b8f4511d84730239516bada26a0c9846c9697617ef",
                "sha256:e7428977763150b4cf83255625a80a23dfdc94d43be7791ce90799d446b4e26f",
                "sha256:e960e8be509e8d6d618300a6c189555c24efde63e85acaf0b14b2cd1ac743315",
                "sha256:ecb5dd5990cec6e7f5c9c1124a37cb2c710c6d69b0c1a5c4aa4b35eba0ada068",
                "sha256:ef3f5e288aa57b73b034ce9c1f1ac753d968f9069cd0742d1d69c698a0167166",
                "sha256:fa5b2dee0e231fa4ad117be114251bdfe6afe39213bd629d43deb117b6a6c40a",
                "sha256:fa7fb7973c622b9e725bee1db569d2c2ee64d2f9a089201c5e8185d482c7352d"
            ],
            "markers": "python_version >= '2.7' and python_version not in '3.0, 3.1, 3.2, 3.3, 3.4'",
            "version": "==1.5.2"
        },
        "music-tag": {
            "hashes": [
                "sha256:99ebabff7f83ff77e4d71e6af9afcc1b8db439c3b5e366b4e98d18751b1b6e9b"
            ],
            "index": "pypi",
            "version": "==0.4.2"
        },
        "mutagen": {
            "hashes": [
                "sha256:6397602efb3c2d7baebd2166ed85731ae1c1d475abca22090b7141ff5034b3e1",
                "sha256:9c9f243fcec7f410f138cb12c21c84c64fde4195481a30c9bfb05b5f003adfed"
            ],
            "markers": "python_version >= '3.5' and python_version < '4'",
            "version": "==1.45.1"
        },
        "mysql-connector-python": {
            "hashes": [
                "sha256:0f41b3142fe5325e830a3420915a6cf652b9da1d3a8e0df11bade1c120c0fc2c",
                "sha256:114ab771b6a1a98ea1e2e88c44fcf3ff713c65ac9fa8d3e88c0034e1fc0aed5d",
                "sha256:2184f6b86c3981e5b2ffa82e946f12368a5f1758f022d9a30f43077950136114",
                "sha256:2833d47ad04d08c1d3ab64b3b2b9203f84333f3463ca99332961c0ae1bf8101f",
                "sha256:2eabe3f8a264efb3af04cb477943a8c8f04396fda0c5e2ad3450f9c044ddc603",
                "sha256:2ed23de6c0a9e5769fc14f2930492b81629cb40f79381d79c679ddd04d5f3ddb",
                "sha256:320a5929a39cae75a1cf0603b3baffdd7f36a0e520bfdd471d456f70973fc0ac",
                "sha256:451120a964d3c56d983c7664f7c799bd92d5660085e3d8058defdec3e8a3b93a",
                "sha256:49394f30e792a880ca2bd6e7e9d11eb86df0c316ab629b6d19185c9f5ca0811d",
                "sha256:5e84dcc25d4b505118e0c28f07de496a41bc0ab121232a2aba83d0248cd49257",
                "sha256:76758ee1d57b712bfbdae358506d578b955fda9dd91ae068a59e0fe02138ef0d",
                "sha256:7b7fa9ed17a43164df2e203b25bf71f8679460795c055fb23f64a66f7ecde6be",
                "sha256:7d55a446700bec300ec6a5b928b4700384bc2add43fa3b9ca124b03640db4e19",
                "sha256:a37dff9d748d92134ea47ddbaafdfadb7f3bf9c8a66429ae247fb1ccaf6f7337",
                "sha256:a5bf1979c126f475bc10c840d9464d5a2e4604bdc67b6be8bbaf9dbc4a3d8b89",
                "sha256:a63658c518502736979dc1a79250c5e54ebbbd5ccfe9ec040cc591fcefbf1974",
                "sha256:aa2307ddc30dd20dbca1165ffb1cf41dcf30ae1bcf46e74cb92c06a0eeeb0aac",
                "sha256:c783e1dc8b78a1b1a9ebbf3ccb12d17e4513d91fafeb5b6c06a29f2d5619e285",
                "sha256:dd7ed6baa35c3a89c6c8c8d6be0ebe1b089e77f41bb874b9dc4bc6db83ad654f",
                "sha256:eb5d409df6e54c9a8f47dc901334d5e8b30a7967775d6eb3158494bf0534995d",
                "sha256:efe72ce5e9d9051aeb99a4910949b3afb17570106a980a7a4f480d3894b1f426",
                "sha256:f42516ef6b80ce70322f1fda63a8762f898df60df8ba621b2308d933216a8598",
                "sha256:faf2aeb18725bb8bb6aae1e33b358d328cd35ded1b610d4c8608529b3051f634"
            ],
            "index": "pypi",
            "version": "==8.0.23"
        },
        "mysqlclient": {
            "hashes": [
                "sha256:0ac0dd759c4ca02c35a9fedc24bc982cf75171651e8187c2495ec957a87dfff7",
                "sha256:3381ca1a4f37ff1155fcfde20836b46416d66531add8843f6aa6d968982731c3",
                "sha256:71c4b330cf2313bbda0307fc858cc9055e64493ba9bf28454d25cf8b3ee8d7f5",
                "sha256:f6ebea7c008f155baeefe16c56cd3ee6239f7a5a9ae42396c2f1860f08a7c432",
                "sha256:fc575093cf81b6605bed84653e48b277318b880dc9becf42dd47fa11ffd3e2b6"
            ],
            "index": "pypi",
            "version": "==2.0.3"
        },
        "orator": {
            "hashes": [
                "sha256:6fe7830c40f20e77929b80b741a3b9f2145634b5f411176ecad0e761fef26f55",
                "sha256:d9ab5bcc8a630ec449d856a4b4cf7dead9f68b1835dd04d62e7f115b96c3360f"
            ],
            "index": "pypi",
            "version": "==0.9.9"
        },
        "pastel": {
            "hashes": [
                "sha256:a904e1659512cc9880a028f66de77cc813a4c32f7ceb68725cbc8afad57ef7ef",
                "sha256:bf3b1901b2442ea0d8ab9a390594e5b0c9584709d543a3113506fe8b28cbace3"
            ],
            "markers": "python_version >= '2.7' and python_version not in '3.0, 3.1, 3.2, 3.3'",
            "version": "==0.1.1"
        },
        "pendulum": {
            "hashes": [
                "sha256:4173ce3e81ad0d9d61dbce86f4286c43a26a398270df6a0a89f501f0c28ad27d",
                "sha256:56a347d0457859c84b8cdba161fc37c7df5db9b3becec7881cd770e9d2058b3c",
                "sha256:738878168eb26e5446da5d1f7b3312ae993a542061be8882099c00ef4866b1a2",
                "sha256:95536b33ae152e3c831eb236c1bf9ac9dcfb3b5b98fdbe8e9e601eab6c373897",
                "sha256:c04fcf955e622e97e405e5f6d1b1f4a7adc69d79d82f3609643de69283170d6d",
                "sha256:dd6500d27bb7ccc029d497da4f9bd09549bd3c0ea276dad894ea2fdf309e83f3",
                "sha256:ddaf97a061eb5e2ae37857a8cb548e074125017855690d20e443ad8d9f31e164",
                "sha256:e7df37447824f9af0b58c7915a4caf349926036afd86ad38e7529a6b2f8fc34b",
                "sha256:e9732b8bb214fad2c72ddcbfec07542effa8a8b704e174347ede1ff8dc679cce",
                "sha256:f4eee1e1735487d9d25cc435c519fd4380cb1f82cde3ebad1efbc2fc30deca5b"
            ],
            "markers": "python_version >= '2.7' and python_version not in '3.0, 3.1, 3.2, 3.3'",
            "version": "==1.5.1"
        },
        "protobuf": {
            "hashes": [
                "sha256:03f6ee325710eb164bd85741721fbd4326c399b0ecf49dddba9172df9149c124",
                "sha256:0644b70bc9d36329438de0da619e3337ab4eade784a9acc6ba8e5ed22f2e9e50",
                "sha256:0938b13c2a5ad0ce2b75c19dc0c2082f721a61b97d3f11d73ee4412dfb6e06eb",
                "sha256:165071fdfaf4d7ff7a70d2197bba048fb301c7b957095eedf4bf8379d904adb1",
                "sha256:17a26d5a7757211ce60032f0111dd426d4e5f44145ac6e86fa241e0cffe9df17",
                "sha256:28daf1c44cf11c70f3852bd13f8fc6f7f1f211abbf068ffbeb25f8e4e2f6c98b",
                "sha256:3188af446c544df79525d66e2d987490053262b81226fc6fa3f00556135f7e8a",
                "sha256:509fba6d57f0c1dc483f91754a33a5d8632da1bf75d87b6c127bcf0e3966fa44",
                "sha256:5810e9e3851ab8aa28624bdc947f9236ce7ec2be2f63b88b373fdc92791fbf86",
                "sha256:60fd96bc77293d9770d133cdbf3af9ff2373ce11d2055d2ca581db2330fe6805",
                "sha256:763a9444bafd2204cdeb29be54147ce7cfae04df805161507426c215a461ae6e",
                "sha256:824dbae3390fcc3ea1bf96748e6da951a601802894cf7e1465e72b4732538cab",
                "sha256:a8cccf2d2df2675f10a47f963f8010516f6aff09db7d134b0b0e57422ce07f78",
                "sha256:c70647b71385302efb615d25c643f1b92784201f7b4ed2d9ff472e4c869ccad5",
                "sha256:d3797255e8fbf234477332864f0304222b2492dfd91e95e6314326dbf0e235e2",
                "sha256:d52494780f89d1277f982c209197ce1da91d416c27ba9f4495d339ac6a3bac02",
                "sha256:d7576c8b59288c5feea161d9ed74925d26759963b51f850d8eadd7a88b4e0ddf",
                "sha256:de2e543ffb1701ea8fe7077ba571dbaa1980876d1817f6a70b984064dcb20e6f",
                "sha256:edae67da507393f377555531cb7afa1714c75a84404f3541ef5df36ce3637768",
                "sha256:f49a1721f2a3d72466aa19f095cc3fe2883b5e1868f4a1e9f51043df8ecb0140"
            ],
            "version": "==3.15.1"
        },
        "pyaml": {
            "hashes": [
                "sha256:8b70b7cc2afa55dd89d2a31ef8abe4cfb3daa100cd63564f8fd97e6cac6cff5b",
                "sha256:b865e4f53a85f4d8a092e7701f759a3237fb3ee8a928627401914aafadc00907"
            ],
            "version": "==16.12.2"
        },
        "pygments": {
            "hashes": [
                "sha256:37a13ba168a02ac54cc5891a42b1caec333e59b66addb7fa633ea8a6d73445c0",
                "sha256:b21b072d0ccdf29297a82a2363359d99623597b8a265b8081760e4d0f7153c88"
            ],
            "markers": "python_version >= '3.5'",
            "version": "==2.8.0"
        },
        "pylev": {
            "hashes": [
                "sha256:063910098161199b81e453025653ec53556c1be7165a9b7c50be2f4d57eae1c3",
                "sha256:1d29a87beb45ebe1e821e7a3b10da2b6b2f4c79b43f482c2df1a1f748a6e114e"
            ],
            "version": "==1.3.0"
        },
        "python-dateutil": {
            "hashes": [
                "sha256:73ebfe9dbf22e832286dafa60473e4cd239f8592f699aa5adaf10050e6e1823c",
                "sha256:75bb3f31ea686f1197762692a9ee6a7550b59fc6ca3a1f4b5d7e32fb98e2da2a"
            ],
            "markers": "python_version >= '2.7' and python_version not in '3.0, 3.1, 3.2, 3.3'",
            "version": "==2.8.1"
        },
        "python-dotenv": {
            "hashes": [
                "sha256:0c8d1b80d1a1e91717ea7d526178e3882732420b03f08afea0406db6402e220e",
                "sha256:587825ed60b1711daea4832cf37524dfd404325b7db5e25ebe88c495c9f807a0"
            ],
            "index": "pypi",
            "version": "==0.15.0"
        },
        "python-telegram-bot": {
            "hashes": [
                "sha256:770d6c19f75e530de7f6a8784ec06945da84bcd2344a72932b8c2a05a78cd421",
                "sha256:8b5790cdbd5794da5ee06eb8d0a00a81e3f48b0e04b4d0e33874d45a2495c221"
            ],
            "index": "pypi",
            "version": "==13.3"
        },
        "pytz": {
            "hashes": [
                "sha256:83a4a90894bf38e243cf052c8b58f381bfe9a7a483f6a9cab140bc7f702ac4da",
                "sha256:eb10ce3e7736052ed3623d49975ce333bcd712c7bb19a58b9e2089d4057d0798"
            ],
            "version": "==2021.1"
        },
        "pytzdata": {
            "hashes": [
                "sha256:3efa13b335a00a8de1d345ae41ec78dd11c9f8807f522d39850f2dd828681540",
                "sha256:e1e14750bcf95016381e4d472bad004eef710f2d6417240904070b3d6654485f"
            ],
            "markers": "python_version >= '2.7' and python_version not in '3.0, 3.1, 3.2, 3.3'",
            "version": "==2020.1"
        },
        "pyyaml": {
            "hashes": [
                "sha256:08682f6b72c722394747bddaf0aa62277e02557c0fd1c42cb853016a38f8dedf",
                "sha256:0f5f5786c0e09baddcd8b4b45f20a7b5d61a7e7e99846e3c799b05c7c53fa696",
                "sha256:129def1b7c1bf22faffd67b8f3724645203b79d8f4cc81f674654d9902cb4393",
                "sha256:294db365efa064d00b8d1ef65d8ea2c3426ac366c0c4368d930bf1c5fb497f77",
                "sha256:3b2b1824fe7112845700f815ff6a489360226a5609b96ec2190a45e62a9fc922",
                "sha256:3bd0e463264cf257d1ffd2e40223b197271046d09dadf73a0fe82b9c1fc385a5",
                "sha256:4465124ef1b18d9ace298060f4eccc64b0850899ac4ac53294547536533800c8",
                "sha256:49d4cdd9065b9b6e206d0595fee27a96b5dd22618e7520c33204a4a3239d5b10",
                "sha256:4e0583d24c881e14342eaf4ec5fbc97f934b999a6828693a99157fde912540cc",
                "sha256:5accb17103e43963b80e6f837831f38d314a0495500067cb25afab2e8d7a4018",
                "sha256:607774cbba28732bfa802b54baa7484215f530991055bb562efbed5b2f20a45e",
                "sha256:6c78645d400265a062508ae399b60b8c167bf003db364ecb26dcab2bda048253",
                "sha256:74c1485f7707cf707a7aef42ef6322b8f97921bd89be2ab6317fd782c2d53183",
                "sha256:8c1be557ee92a20f184922c7b6424e8ab6691788e6d86137c5d93c1a6ec1b8fb",
                "sha256:bb4191dfc9306777bc594117aee052446b3fa88737cd13b7188d0e7aa8162185",
                "sha256:c20cfa2d49991c8b4147af39859b167664f2ad4561704ee74c1de03318e898db",
                "sha256:d2d9808ea7b4af864f35ea216be506ecec180628aced0704e34aca0b040ffe46",
                "sha256:dd5de0646207f053eb0d6c74ae45ba98c3395a571a2891858e87df7c9b9bd51b",
                "sha256:e1d4970ea66be07ae37a3c2e48b5ec63f7ba6804bdddfdbd3cfd954d25a82e63",
                "sha256:e4fac90784481d221a8e4b1162afa7c47ed953be40d31ab4629ae917510051df",
                "sha256:fa5ae20527d8e831e8230cbffd9f8fe952815b2b7dae6ffec25318803a7528fc"
            ],
            "markers": "python_version >= '2.7' and python_version not in '3.0, 3.1, 3.2, 3.3, 3.4, 3.5'",
            "version": "==5.4.1"
        },
        "simplejson": {
            "hashes": [
                "sha256:034550078a11664d77bc1a8364c90bb7eef0e44c2dbb1fd0a4d92e3997088667",
                "sha256:05b43d568300c1cd43f95ff4bfcff984bc658aa001be91efb3bb21df9d6288d3",
                "sha256:0dd9d9c738cb008bfc0862c9b8fa6743495c03a0ed543884bf92fb7d30f8d043",
                "sha256:10fc250c3edea4abc15d930d77274ddb8df4803453dde7ad50c2f5565a18a4bb",
                "sha256:2862beabfb9097a745a961426fe7daf66e1714151da8bb9a0c430dde3d59c7c0",
                "sha256:292c2e3f53be314cc59853bd20a35bf1f965f3bc121e007ab6fd526ed412a85d",
                "sha256:2d3eab2c3fe52007d703a26f71cf649a8c771fcdd949a3ae73041ba6797cfcf8",
                "sha256:2e7b57c2c146f8e4dadf84977a83f7ee50da17c8861fd7faf694d55e3274784f",
                "sha256:311f5dc2af07361725033b13cc3d0351de3da8bede3397d45650784c3f21fbcf",
                "sha256:344e2d920a7f27b4023c087ab539877a1e39ce8e3e90b867e0bfa97829824748",
                "sha256:3fabde09af43e0cbdee407555383063f8b45bfb52c361bc5da83fcffdb4fd278",
                "sha256:42b8b8dd0799f78e067e2aaae97e60d58a8f63582939af60abce4c48631a0aa4",
                "sha256:4b3442249d5e3893b90cb9f72c7d6ce4d2ea144d2c0d9f75b9ae1e5460f3121a",
                "sha256:55d65f9cc1b733d85ef95ab11f559cce55c7649a2160da2ac7a078534da676c8",
                "sha256:5c659a0efc80aaaba57fcd878855c8534ecb655a28ac8508885c50648e6e659d",
                "sha256:72d8a3ffca19a901002d6b068cf746be85747571c6a7ba12cbcf427bfb4ed971",
                "sha256:75ecc79f26d99222a084fbdd1ce5aad3ac3a8bd535cd9059528452da38b68841",
                "sha256:76ac9605bf2f6d9b56abf6f9da9047a8782574ad3531c82eae774947ae99cc3f",
                "sha256:7d276f69bfc8c7ba6c717ba8deaf28f9d3c8450ff0aa8713f5a3280e232be16b",
                "sha256:7f10f8ba9c1b1430addc7dd385fc322e221559d3ae49b812aebf57470ce8de45",
                "sha256:8042040af86a494a23c189b5aa0ea9433769cc029707833f261a79c98e3375f9",
                "sha256:813846738277729d7db71b82176204abc7fdae2f566e2d9fcf874f9b6472e3e6",
                "sha256:845a14f6deb124a3bcb98a62def067a67462a000e0508f256f9c18eff5847efc",
                "sha256:869a183c8e44bc03be1b2bbcc9ec4338e37fa8557fc506bf6115887c1d3bb956",
                "sha256:8acf76443cfb5c949b6e781c154278c059b09ac717d2757a830c869ba000cf8d",
                "sha256:8f713ea65958ef40049b6c45c40c206ab363db9591ff5a49d89b448933fa5746",
                "sha256:934115642c8ba9659b402c8bdbdedb48651fb94b576e3b3efd1ccb079609b04a",
                "sha256:9551f23e09300a9a528f7af20e35c9f79686d46d646152a0c8fc41d2d074d9b0",
                "sha256:9a2b7543559f8a1c9ed72724b549d8cc3515da7daf3e79813a15bdc4a769de25",
                "sha256:a55c76254d7cf8d4494bc508e7abb993a82a192d0db4552421e5139235604625",
                "sha256:ad8f41c2357b73bc9e8606d2fa226233bf4d55d85a8982ecdfd55823a6959995",
                "sha256:af4868da7dd53296cd7630687161d53a7ebe2e63814234631445697bd7c29f46",
                "sha256:afebfc3dd3520d37056f641969ce320b071bc7a0800639c71877b90d053e087f",
                "sha256:b59aa298137ca74a744c1e6e22cfc0bf9dca3a2f41f51bc92eb05695155d905a",
                "sha256:bc00d1210567a4cdd215ac6e17dc00cb9893ee521cee701adfd0fa43f7c73139",
                "sha256:c1cb29b1fced01f97e6d5631c3edc2dadb424d1f4421dad079cb13fc97acb42f",
                "sha256:c94dc64b1a389a416fc4218cd4799aa3756f25940cae33530a4f7f2f54f166da",
                "sha256:ceaa28a5bce8a46a130cd223e895080e258a88d51bf6e8de2fc54a6ef7e38c34",
                "sha256:cff6453e25204d3369c47b97dd34783ca820611bd334779d22192da23784194b",
                "sha256:d0b64409df09edb4c365d95004775c988259efe9be39697d7315c42b7a5e7e94",
                "sha256:d4813b30cb62d3b63ccc60dd12f2121780c7a3068db692daeb90f989877aaf04",
                "sha256:da3c55cdc66cfc3fffb607db49a42448785ea2732f055ac1549b69dcb392663b",
                "sha256:e058c7656c44fb494a11443191e381355388443d543f6fc1a245d5d238544396",
                "sha256:fed0f22bf1313ff79c7fc318f7199d6c2f96d4de3234b2f12a1eab350e597c06",
                "sha256:ffd4e4877a78c84d693e491b223385e0271278f5f4e1476a4962dca6824ecfeb"
            ],
            "markers": "python_version >= '2.5' and python_version not in '3.0, 3.1, 3.2, 3.3'",
            "version": "==3.17.2"
        },
        "six": {
            "hashes": [
                "sha256:30639c035cdb23534cd4aa2dd52c3bf48f06e5f4a941509c8bafd8ce11080259",
                "sha256:8b74bedcbbbaca38ff6d7491d76f2b06b3592611af620f8426e82dddb04a5ced"
            ],
            "markers": "python_version >= '2.7' and python_version not in '3.0, 3.1, 3.2, 3.3'",
            "version": "==1.15.0"
        },
        "sqlalchemy": {
            "hashes": [
                "sha256:040bdfc1d76a9074717a3f43455685f781c581f94472b010cd6c4754754e1862",
                "sha256:1fe5d8d39118c2b018c215c37b73fd6893c3e1d4895be745ca8ff6eb83333ed3",
                "sha256:23927c3981d1ec6b4ea71eb99d28424b874d9c696a21e5fbd9fa322718be3708",
                "sha256:24f9569e82a009a09ce2d263559acb3466eba2617203170e4a0af91e75b4f075",
                "sha256:2578dbdbe4dbb0e5126fb37ffcd9793a25dcad769a95f171a2161030bea850ff",
                "sha256:269990b3ab53cb035d662dcde51df0943c1417bdab707dc4a7e4114a710504b4",
                "sha256:29cccc9606750fe10c5d0e8bd847f17a97f3850b8682aef1f56f5d5e1a5a64b1",
                "sha256:37b83bf81b4b85dda273aaaed5f35ea20ad80606f672d94d2218afc565fb0173",
                "sha256:63677d0c08524af4c5893c18dbe42141de7178001360b3de0b86217502ed3601",
                "sha256:639940bbe1108ac667dcffc79925db2966826c270112e9159439ab6bb14f8d80",
                "sha256:6a939a868fdaa4b504e8b9d4a61f21aac11e3fecc8a8214455e144939e3d2aea",
                "sha256:6b8b8c80c7f384f06825612dd078e4a31f0185e8f1f6b8c19e188ff246334205",
                "sha256:6c9e6cc9237de5660bcddea63f332428bb83c8e2015c26777281f7ffbd2efb84",
                "sha256:6ec1044908414013ebfe363450c22f14698803ce97fbb47e53284d55c5165848",
                "sha256:6fca33672578666f657c131552c4ef8979c1606e494f78cd5199742dfb26918b",
                "sha256:751934967f5336a3e26fc5993ccad1e4fee982029f9317eb6153bc0bc3d2d2da",
                "sha256:8be835aac18ec85351385e17b8665bd4d63083a7160a017bef3d640e8e65cadb",
                "sha256:927ce09e49bff3104459e1451ce82983b0a3062437a07d883a4c66f0b344c9b5",
                "sha256:94208867f34e60f54a33a37f1c117251be91a47e3bfdb9ab8a7847f20886ad06",
                "sha256:94f667d86be82dd4cb17d08de0c3622e77ca865320e0b95eae6153faa7b4ecaf",
                "sha256:9e9c25522933e569e8b53ccc644dc993cab87e922fb7e142894653880fdd419d",
                "sha256:a0e306e9bb76fd93b29ae3a5155298e4c1b504c7cbc620c09c20858d32d16234",
                "sha256:a8bfc1e1afe523e94974132d7230b82ca7fa2511aedde1f537ec54db0399541a",
                "sha256:ac2244e64485c3778f012951fdc869969a736cd61375fde6096d08850d8be729",
                "sha256:b4b0e44d586cd64b65b507fa116a3814a1a53d55dce4836d7c1a6eb2823ff8d1",
                "sha256:baeb451ee23e264de3f577fee5283c73d9bbaa8cb921d0305c0bbf700094b65b",
                "sha256:c7dc052432cd5d060d7437e217dd33c97025287f99a69a50e2dc1478dd610d64",
                "sha256:d1a85dfc5dee741bf49cb9b6b6b8d2725a268e4992507cf151cba26b17d97c37",
                "sha256:d90010304abb4102123d10cbad2cdf2c25a9f2e66a50974199b24b468509bad5",
                "sha256:ddfb511e76d016c3a160910642d57f4587dc542ce5ee823b0d415134790eeeb9",
                "sha256:e273367f4076bd7b9a8dc2e771978ef2bfd6b82526e80775a7db52bff8ca01dd",
                "sha256:e5bb3463df697279e5459a7316ad5a60b04b0107f9392e88674d0ece70e9cf70",
                "sha256:e8a1750b44ad6422ace82bf3466638f1aa0862dbb9689690d5f2f48cce3476c8",
                "sha256:eab063a70cca4a587c28824e18be41d8ecc4457f8f15b2933584c6c6cccd30f0",
                "sha256:ecce8c021894a77d89808222b1ff9687ad84db54d18e4bd0500ca766737faaf6",
                "sha256:f4d972139d5000105fcda9539a76452039434013570d6059993120dc2a65e447",
                "sha256:fd3b96f8c705af8e938eaa99cbd8fd1450f632d38cad55e7367c33b263bf98ec",
                "sha256:fdd2ed7395df8ac2dbb10cefc44737b66c6a5cd7755c92524733d7a443e5b7e2"
            ],
            "index": "pypi",
            "version": "==1.3.23"
        },
        "text-unidecode": {
            "hashes": [
                "sha256:5a1375bb2ba7968740508ae38d92e1f889a0832913cb1c447d5e2046061a396d",
                "sha256:801e38bd550b943563660a91de8d4b6fa5df60a542be9093f7abf819f86050cc"
            ],
            "version": "==1.2"
        },
        "tornado": {
            "hashes": [
                "sha256:0a00ff4561e2929a2c37ce706cb8233b7907e0cdc22eab98888aca5dd3775feb",
                "sha256:0d321a39c36e5f2c4ff12b4ed58d41390460f798422c4504e09eb5678e09998c",
                "sha256:1e8225a1070cd8eec59a996c43229fe8f95689cb16e552d130b9793cb570a288",
                "sha256:20241b3cb4f425e971cb0a8e4ffc9b0a861530ae3c52f2b0434e6c1b57e9fd95",
                "sha256:25ad220258349a12ae87ede08a7b04aca51237721f63b1808d39bdb4b2164558",
                "sha256:33892118b165401f291070100d6d09359ca74addda679b60390b09f8ef325ffe",
                "sha256:33c6e81d7bd55b468d2e793517c909b139960b6c790a60b7991b9b6b76fb9791",
                "sha256:3447475585bae2e77ecb832fc0300c3695516a47d46cefa0528181a34c5b9d3d",
                "sha256:34ca2dac9e4d7afb0bed4677512e36a52f09caa6fded70b4e3e1c89dbd92c326",
                "sha256:3e63498f680547ed24d2c71e6497f24bca791aca2fe116dbc2bd0ac7f191691b",
                "sha256:548430be2740e327b3fe0201abe471f314741efcb0067ec4f2d7dcfb4825f3e4",
                "sha256:6196a5c39286cc37c024cd78834fb9345e464525d8991c21e908cc046d1cc02c",
                "sha256:61b32d06ae8a036a6607805e6720ef00a3c98207038444ba7fd3d169cd998910",
                "sha256:6286efab1ed6e74b7028327365cf7346b1d777d63ab30e21a0f4d5b275fc17d5",
                "sha256:65d98939f1a2e74b58839f8c4dab3b6b3c1ce84972ae712be02845e65391ac7c",
                "sha256:66324e4e1beede9ac79e60f88de548da58b1f8ab4b2f1354d8375774f997e6c0",
                "sha256:6c77c9937962577a6a76917845d06af6ab9197702a42e1346d8ae2e76b5e3675",
                "sha256:70dec29e8ac485dbf57481baee40781c63e381bebea080991893cd297742b8fd",
                "sha256:7250a3fa399f08ec9cb3f7b1b987955d17e044f1ade821b32e5f435130250d7f",
                "sha256:748290bf9112b581c525e6e6d3820621ff020ed95af6f17fedef416b27ed564c",
                "sha256:7da13da6f985aab7f6f28debab00c67ff9cbacd588e8477034c0652ac141feea",
                "sha256:8f959b26f2634a091bb42241c3ed8d3cedb506e7c27b8dd5c7b9f745318ddbb6",
                "sha256:9de9e5188a782be6b1ce866e8a51bc76a0fbaa0e16613823fc38e4fc2556ad05",
                "sha256:a48900ecea1cbb71b8c71c620dee15b62f85f7c14189bdeee54966fbd9a0c5bd",
                "sha256:b87936fd2c317b6ee08a5741ea06b9d11a6074ef4cc42e031bc6403f82a32575",
                "sha256:c77da1263aa361938476f04c4b6c8916001b90b2c2fdd92d8d535e1af48fba5a",
                "sha256:cb5ec8eead331e3bb4ce8066cf06d2dfef1bfb1b2a73082dfe8a161301b76e37",
                "sha256:cc0ee35043162abbf717b7df924597ade8e5395e7b66d18270116f8745ceb795",
                "sha256:d14d30e7f46a0476efb0deb5b61343b1526f73ebb5ed84f23dc794bdb88f9d9f",
                "sha256:d371e811d6b156d82aa5f9a4e08b58debf97c302a35714f6f45e35139c332e32",
                "sha256:d3d20ea5782ba63ed13bc2b8c291a053c8d807a8fa927d941bd718468f7b950c",
                "sha256:d3f7594930c423fd9f5d1a76bee85a2c36fd8b4b16921cae7e965f22575e9c01",
                "sha256:dcef026f608f678c118779cd6591c8af6e9b4155c44e0d1bc0c87c036fb8c8c4",
                "sha256:e0791ac58d91ac58f694d8d2957884df8e4e2f6687cdf367ef7eb7497f79eaa2",
                "sha256:e385b637ac3acaae8022e7e47dfa7b83d3620e432e3ecb9a3f7f58f150e50921",
                "sha256:e519d64089b0876c7b467274468709dadf11e41d65f63bba207e04217f47c085",
                "sha256:e7229e60ac41a1202444497ddde70a48d33909e484f96eb0da9baf8dc68541df",
                "sha256:ed3ad863b1b40cd1d4bd21e7498329ccaece75db5a5bf58cd3c9f130843e7102",
                "sha256:f0ba29bafd8e7e22920567ce0d232c26d4d47c8b5cf4ed7b562b5db39fa199c5",
                "sha256:fa2ba70284fa42c2a5ecb35e322e68823288a4251f9ba9cc77be04ae15eada68",
                "sha256:fba85b6cd9c39be262fcd23865652920832b61583de2a2ca907dbd8e8a8c81e5"
            ],
            "markers": "python_version >= '3.5'",
            "version": "==6.1"
        },
        "tzlocal": {
            "hashes": [
                "sha256:4ebeb848845ac898da6519b9b31879cf13b6626f7184c496037b818e238f2c4e"
            ],
            "version": "==1.5.1"
        },
        "wrapt": {
            "hashes": [
                "sha256:b62ffa81fb85f4332a4f609cab4ac40709470da05643a082ec1eb88e6d9b97d7"
            ],
            "version": "==1.12.1"
        }
    },
    "develop": {}
}
